
Microsoft Visual Studio Solution File, Format Version 12.00
# Visual Studio Version 16
VisualStudioVersion = 16.0.32126.315
MinimumVisualStudioVersion = 10.0.40219.1
Project("{FAE04EC0-301F-11D3-BF4B-00C04F79EFBC}") = "SchoolManager", "SchoolManager\SchoolManager.csproj", "{15CE8B72-0A42-49EA-8EBF-2D91570160F4}"
EndProject
Global
	GlobalSection(SolutionConfigurationPlatforms) = preSolution
		Debug|Any CPU = Debug|Any CPU
		Release|Any CPU = Release|Any CPU
	EndGlobalSection
	GlobalSection(ProjectConfigurationPlatforms) = postSolution
		{15CE8B72-0A42-49EA-8EBF-2D91570160F4}.Debug|Any CPU.ActiveCfg = Debug|Any CPU
		{15CE8B72-0A42-49EA-8EBF-2D91570160F4}.Debug|Any CPU.Build.0 = Debug|Any CPU
		{15CE8B72-0A42-49EA-8EBF-2D91570160F4}.Release|Any CPU.ActiveCfg = Release|Any CPU
		{15CE8B72-0A42-49EA-8EBF-2D91570160F4}.Release|Any CPU.Build.0 = Release|Any CPU
	EndGlobalSection
	GlobalSection(SolutionProperties) = preSolution
		HideSolutionNode = FALSE
	EndGlobalSection
	GlobalSection(ExtensibilityGlobals) = postSolution
		SolutionGuid = {C5EFC929-4B8F-4341-B207-31C3C564E2A6}
	EndGlobalSection
EndGlobal
